{
  "name": "tx5dr-plugin-cq-rotation",
  "version": "1.0.0",
  "lockfileVersion": 3,
  "requires": true,
  "packages": {
    "": {
      "name": "tx5dr-plugin-cq-rotation",
      "version": "1.0.0",
      "devDependencies": {
        "@tx5dr/plugin-api": "^1.2.0",
        "@types/node": "^25.9.1",
        "typescript": "^5.0.0"
      }
    },
    "node_modules/@tx5dr/contracts": {
      "version": "1.7.12",
      "resolved": "https://registry.npmjs.org/@tx5dr/contracts/-/contracts-1.7.12.tgz",
      "integrity": "sha512-sQ5yqK/U3+NP9VkLG9F9kDQq0s3gXKI3gglG1dGNQt6dbx7NfDNnfuDewK04hwV3F9giN1VOZAcYesA5FZ5QUA==",
      "dev": true,
      "dependencies": {
        "zod": "^3.22.0"
      }
    },
    "node_modules/@tx5dr/core": {
      "version": "1.7.12",
      "resolved": "https://registry.npmjs.org/@tx5dr/core/-/core-1.7.12.tgz",
      "integrity": "sha512-iXCu0kTaCGbTNI6vT2OdSdk/STAOZt3KI7zbfiLU2EMeFsHAUcqvhe8YxjKJN6yzTukrVzuTMN2aWo+8OWbP2Q==",
      "dev": true,
      "dependencies": {
        "@tx5dr/contracts": "1.7.12",
        "adif-parser-ts": "^0.6.22",
        "eventemitter3": "^5.0.1"
      }
    },
    "node_modules/@tx5dr/plugin-api": {
      "version": "1.7.12",
      "resolved": "https://registry.npmjs.org/@tx5dr/plugin-api/-/plugin-api-1.7.12.tgz",
      "integrity": "sha512-SAxqHZJceXWkrz8rL2IrdSnzcWgIbnK7YbZl02AI4eVf4BQBbrE8IoCn9Bq535YL6lYhWqNkJG6rZwHSv1jL7A==",
      "dev": true,
      "license": "MIT",
      "dependencies": {
        "@tx5dr/contracts": "1.7.12",
        "@tx5dr/core": "1.7.12"
      }
    },
    "node_modules/@types/node": {
      "version": "25.9.1",
      "resolved": "https://registry.npmjs.org/@types/node/-/node-25.9.1.tgz",
      "integrity": "sha512-xfrlY7UD5rMJk3ZVJP8BNzS28J36YJg+xp+LPXV1TdWxr8uMH5A860QNxYDGQe/ylDSgjxE52Q9VnO7p75tJxg==",
      "dev": true,
      "license": "MIT",
      "dependencies": {
        "undici-types": ">=7.24.0 <7.24.7"
      }
    },
    "node_modules/adif-parser-ts": {
      "version": "0.6.39",
      "resolved": "https://registry.npmjs.org/adif-parser-ts/-/adif-parser-ts-0.6.39.tgz",
      "integrity": "sha512-I4Lz7nahH1PAJ4Mhj7VuLuaijaApE5Yq7NP2VymSpKvDfpIcHWaKtOoaX4YrROVvXSC+pvvczWwwMRCh8J8jfg==",
      "dev": true,
      "license": "Apache-2.0",
      "engines": {
        "node": ">=14.0.0",
        "npm": ">7.0.0"
      }
    },
    "node_modules/eventemitter3": {
      "version": "5.0.4",
      "resolved": "https://registry.npmjs.org/eventemitter3/-/eventemitter3-5.0.4.tgz",
      "integrity": "sha512-mlsTRyGaPBjPedk6Bvw+aqbsXDtoAyAzm5MO7JgU+yVRyMQ5O8bD4Kcci7BS85f93veegeCPkL8R4GLClnjLFw==",
      "dev": true,
      "license": "MIT"
    },
    "node_modules/typescript": {
      "version": "5.9.3",
      "resolved": "https://registry.npmjs.org/typescript/-/typescript-5.9.3.tgz",
      "integrity": "sha512-jl1vZzPDinLr9eUt3J/t7V6FgNEw9QjvBPdysz9KfQDD41fQrC2Y4vKQdiaUpFT4bXlb1RHhLpp8wtm6M5TgSw==",
      "dev": true,
      "license": "Apache-2.0",
      "bin": {
        "tsc": "bin/tsc",
        "tsserver": "bin/tsserver"
      },
      "engines": {
        "node": ">=14.17"
      }
    },
    "node_modules/undici-types": {
      "version": "7.24.6",
      "resolved": "https://registry.npmjs.org/undici-types/-/undici-types-7.24.6.tgz",
      "integrity": "sha512-WRNW+sJgj5OBN4/0JpHFqtqzhpbnV0GuB+OozA9gCL7a993SmU+1JBZCzLNxYsbMfIeDL+lTsphD5jN5N+n0zg==",
      "dev": true,
      "license": "MIT"
    },
    "node_modules/zod": {
      "version": "3.25.76",
      "resolved": "https://registry.npmjs.org/zod/-/zod-3.25.76.tgz",
      "integrity": "sha512-gzUt/qt81nXsFGKIFcC3YnfEAx5NkunCfnDlvuBSSFS02bcXu4Lmea0AFIUwbLWxWPx3d9p8S5QoaujKcNQxcQ==",
      "dev": true,
      "license": "MIT",
      "funding": {
        "url": "https://github.com/sponsors/colinhacks"
      }
    }
  }
}
