{
  "name": "tx5dr-plugin-heartbeat-demo",
  "version": "1.0.0",
  "lockfileVersion": 3,
  "requires": true,
  "packages": {
    "": {
      "name": "tx5dr-plugin-heartbeat-demo",
      "version": "1.0.0",
      "devDependencies": {
        "@tx5dr/plugin-api": "^1.2.0",
        "typescript": "^5.0.0"
      }
    },
    "node_modules/@tx5dr/contracts": {
      "version": "1.2.0",
      "resolved": "https://registry.npmjs.org/@tx5dr/contracts/-/contracts-1.2.0.tgz",
      "integrity": "sha512-3kjidJHcvfYWNwB4P711xtGDEbfcjj3g+ebHPPF38svGDBdQBefuUqXVXi1jzZX6VpkDR3cNOgEwx+Zr76qXdA==",
      "dev": true,
      "dependencies": {
        "zod": "^3.22.0"
      }
    },
    "node_modules/@tx5dr/core": {
      "version": "1.2.0",
      "resolved": "https://registry.npmjs.org/@tx5dr/core/-/core-1.2.0.tgz",
      "integrity": "sha512-POz+kYO5wCD5t78qz70fwFqoSDe/OfMJ6LtfjpwYU2oLn/1s93hNvewyHulxSXdwy6uvPbQHinxy24K6m+ZVdA==",
      "dev": true,
      "dependencies": {
        "@tx5dr/contracts": "1.2.0",
        "adif-parser-ts": "^0.6.22",
        "eventemitter3": "^5.0.1"
      }
    },
    "node_modules/@tx5dr/plugin-api": {
      "version": "1.2.0",
      "resolved": "https://registry.npmjs.org/@tx5dr/plugin-api/-/plugin-api-1.2.0.tgz",
      "integrity": "sha512-/R0q5rFGp3sEm3GRn7KbnKMkvdiYLsEDMbBy0gVYVvDw8xe8uzlR20wDnAFQlNCa6Czz1UQpMmLkBcvdFgdu5g==",
      "dev": true,
      "license": "MIT",
      "dependencies": {
        "@tx5dr/contracts": "1.2.0",
        "@tx5dr/core": "1.2.0"
      }
    },
    "node_modules/adif-parser-ts": {
      "version": "0.6.39",
      "resolved": "https://registry.npmjs.org/adif-parser-ts/-/adif-parser-ts-0.6.39.tgz",
      "integrity": "sha512-I4Lz7nahH1PAJ4Mhj7VuLuaijaApE5Yq7NP2VymSpKvDfpIcHWaKtOoaX4YrROVvXSC+pvvczWwwMRCh8J8jfg==",
      "dev": true,
      "license": "Apache-2.0",
      "engines": {
        "node": ">=14.0.0",
        "npm": ">7.0.0"
      }
    },
    "node_modules/eventemitter3": {
      "version": "5.0.4",
      "resolved": "https://registry.npmjs.org/eventemitter3/-/eventemitter3-5.0.4.tgz",
      "integrity": "sha512-mlsTRyGaPBjPedk6Bvw+aqbsXDtoAyAzm5MO7JgU+yVRyMQ5O8bD4Kcci7BS85f93veegeCPkL8R4GLClnjLFw==",
      "dev": true,
      "license": "MIT"
    },
    "node_modules/typescript": {
      "version": "5.9.3",
      "resolved": "https://registry.npmjs.org/typescript/-/typescript-5.9.3.tgz",
      "integrity": "sha512-jl1vZzPDinLr9eUt3J/t7V6FgNEw9QjvBPdysz9KfQDD41fQrC2Y4vKQdiaUpFT4bXlb1RHhLpp8wtm6M5TgSw==",
      "dev": true,
      "license": "Apache-2.0",
      "bin": {
        "tsc": "bin/tsc",
        "tsserver": "bin/tsserver"
      },
      "engines": {
        "node": ">=14.17"
      }
    },
    "node_modules/zod": {
      "version": "3.25.76",
      "resolved": "https://registry.npmjs.org/zod/-/zod-3.25.76.tgz",
      "integrity": "sha512-gzUt/qt81nXsFGKIFcC3YnfEAx5NkunCfnDlvuBSSFS02bcXu4Lmea0AFIUwbLWxWPx3d9p8S5QoaujKcNQxcQ==",
      "dev": true,
      "license": "MIT",
      "funding": {
        "url": "https://github.com/sponsors/colinhacks"
      }
    }
  }
}
